
Microsoft Visual Studio Solution File, Format Version 12.00
# Visual Studio 2013
VisualStudioVersion = 12.0.21005.1
MinimumVisualStudioVersion = 10.0.40219.1
Project("{FAE04EC0-301F-11D3-BF4B-00C04F79EFBC}") = "FDMForNSE.AlgorithmImplementation", "FDMForNSE.AlgorithmImplementation\FDMForNSE.AlgorithmImplementation.csproj", "{C4B2DB99-2500-4216-B4B0-059F54F927B2}"
EndProject
Project("{FAE04EC0-301F-11D3-BF4B-00C04F79EFBC}") = "FDMForNSE.Visualization", "FDMForNSE.Visualization\FDMForNSE.Visualization.csproj", "{AEA9F430-7446-4D8F-8C5F-372081492F38}"
EndProject
Global
	GlobalSection(SolutionConfigurationPlatforms) = preSolution
		Debug|Any CPU = Debug|Any CPU
		Release|Any CPU = Release|Any CPU
	EndGlobalSection
	GlobalSection(ProjectConfigurationPlatforms) = postSolution
		{C4B2DB99-2500-4216-B4B0-059F54F927B2}.Debug|Any CPU.ActiveCfg = Debug|Any CPU
		{C4B2DB99-2500-4216-B4B0-059F54F927B2}.Debug|Any CPU.Build.0 = Debug|Any CPU
		{C4B2DB99-2500-4216-B4B0-059F54F927B2}.Release|Any CPU.ActiveCfg = Release|Any CPU
		{C4B2DB99-2500-4216-B4B0-059F54F927B2}.Release|Any CPU.Build.0 = Release|Any CPU
		{AEA9F430-7446-4D8F-8C5F-372081492F38}.Debug|Any CPU.ActiveCfg = Debug|Any CPU
		{AEA9F430-7446-4D8F-8C5F-372081492F38}.Debug|Any CPU.Build.0 = Debug|Any CPU
		{AEA9F430-7446-4D8F-8C5F-372081492F38}.Release|Any CPU.ActiveCfg = Release|Any CPU
		{AEA9F430-7446-4D8F-8C5F-372081492F38}.Release|Any CPU.Build.0 = Release|Any CPU
	EndGlobalSection
	GlobalSection(SolutionProperties) = preSolution
		HideSolutionNode = FALSE
	EndGlobalSection
EndGlobal
